
Microsoft Visual Studio Solution File, Format Version 12.00
# Visual Studio Version 17
VisualStudioVersion = 17.8.34601.278
MinimumVisualStudioVersion = 10.0.40219.1
Project("{9A19103F-16F7-4668-BE54-9A1E7A4F7556}") = "excercise-api", "excercise-api\excercise-api.csproj", "{EA32B44C-F55D-4F7A-A7D7-14BCEF9EED29}"
EndProject
Global
	GlobalSection(SolutionConfigurationPlatforms) = preSolution
		Debug|Any CPU = Debug|Any CPU
		Release|Any CPU = Release|Any CPU
	EndGlobalSection
	GlobalSection(ProjectConfigurationPlatforms) = postSolution
		{EA32B44C-F55D-4F7A-A7D7-14BCEF9EED29}.Debug|Any CPU.ActiveCfg = Debug|Any CPU
		{EA32B44C-F55D-4F7A-A7D7-14BCEF9EED29}.Debug|Any CPU.Build.0 = Debug|Any CPU
		{EA32B44C-F55D-4F7A-A7D7-14BCEF9EED29}.Release|Any CPU.ActiveCfg = Release|Any CPU
		{EA32B44C-F55D-4F7A-A7D7-14BCEF9EED29}.Release|Any CPU.Build.0 = Release|Any CPU
	EndGlobalSection
	GlobalSection(SolutionProperties) = preSolution
		HideSolutionNode = FALSE
	EndGlobalSection
	GlobalSection(ExtensibilityGlobals) = postSolution
		SolutionGuid = {F61CBC43-2F77-441E-9263-2F7B2AD5240D}
	EndGlobalSection
EndGlobal
